// !$*UTF8*$!
{
	archiveVersion = 1;
	classes = {
	};
	objectVersion = 46;
	objects = {

/* Begin PBXBuildFile section */
		C829B1991C07A068006D2032 /* ListsTableViewController.swift in Sources */ = {isa = PBXBuildFile; fileRef = C829B1981C07A068006D2032 /* ListsTableViewController.swift */; };
		C829B1A31C07A1F1006D2032 /* ListTableViewCell.swift in Sources */ = {isa = PBXBuildFile; fileRef = C829B1A21C07A1F1006D2032 /* ListTableViewCell.swift */; };
		C829B1A51C07A344006D2032 /* NoListsTableViewCell.xib in Resources */ = {isa = PBXBuildFile; fileRef = C829B1A41C07A344006D2032 /* NoListsTableViewCell.xib */; };
		C87D98FE1C08D79100B87E7B /* CoreData.framework in Frameworks */ = {isa = PBXBuildFile; fileRef = C87D98FD1C08D79100B87E7B /* CoreData.framework */; };
		C87D99031C08D8AA00B87E7B /* Model.xcdatamodeld in Sources */ = {isa = PBXBuildFile; fileRef = C87D99011C08D8AA00B87E7B /* Model.xcdatamodeld */; };
		C87D99041C08D8E900B87E7B /* Model.xcdatamodeld in Sources */ = {isa = PBXBuildFile; fileRef = C87D99011C08D8AA00B87E7B /* Model.xcdatamodeld */; };
		C87D99061C08E71A00B87E7B /* ListItemsViewController.swift in Sources */ = {isa = PBXBuildFile; fileRef = C87D99051C08E71A00B87E7B /* ListItemsViewController.swift */; };
		C87D990A1C08EA5E00B87E7B /* ListItemTableViewCell.swift in Sources */ = {isa = PBXBuildFile; fileRef = C87D99091C08EA5E00B87E7B /* ListItemTableViewCell.swift */; };
		C87D99571C09393700B87E7B /* ListModel+CoreDataProperties.swift in Sources */ = {isa = PBXBuildFile; fileRef = C87D99531C09393700B87E7B /* ListModel+CoreDataProperties.swift */; };
		C87D99581C09393700B87E7B /* ListModel.swift in Sources */ = {isa = PBXBuildFile; fileRef = C87D99541C09393700B87E7B /* ListModel.swift */; };
		C87D99591C09393700B87E7B /* ListItem+CoreDataProperties.swift in Sources */ = {isa = PBXBuildFile; fileRef = C87D99551C09393700B87E7B /* ListItem+CoreDataProperties.swift */; };
		C87D995A1C09393700B87E7B /* ListItem.swift in Sources */ = {isa = PBXBuildFile; fileRef = C87D99561C09393700B87E7B /* ListItem.swift */; };
		C888A52F1C0640330044E737 /* AppDelegate.swift in Sources */ = {isa = PBXBuildFile; fileRef = C888A52E1C0640330044E737 /* AppDelegate.swift */; };
		C888A5341C0640330044E737 /* Main.storyboard in Resources */ = {isa = PBXBuildFile; fileRef = C888A5321C0640330044E737 /* Main.storyboard */; };
		C888A5361C0640330044E737 /* Assets.xcassets in Resources */ = {isa = PBXBuildFile; fileRef = C888A5351C0640330044E737 /* Assets.xcassets */; };
		C888A5391C0640330044E737 /* LaunchScreen.storyboard in Resources */ = {isa = PBXBuildFile; fileRef = C888A5371C0640330044E737 /* LaunchScreen.storyboard */; };
		C888A5441C0640330044E737 /* DictationTestTests.swift in Sources */ = {isa = PBXBuildFile; fileRef = C888A5431C0640330044E737 /* DictationTestTests.swift */; };
		C888A54F1C0640330044E737 /* DictationTestUITests.swift in Sources */ = {isa = PBXBuildFile; fileRef = C888A54E1C0640330044E737 /* DictationTestUITests.swift */; };
		C888A5541C0640330044E737 /* DictationTest WatchKit App.app in Embed Watch Content */ = {isa = PBXBuildFile; fileRef = C888A5531C0640330044E737 /* DictationTest WatchKit App.app */; };
		C888A55A1C0640330044E737 /* Interface.storyboard in Resources */ = {isa = PBXBuildFile; fileRef = C888A5581C0640330044E737 /* Interface.storyboard */; };
		C888A55C1C0640330044E737 /* Assets.xcassets in Resources */ = {isa = PBXBuildFile; fileRef = C888A55B1C0640330044E737 /* Assets.xcassets */; };
		C888A5631C0640330044E737 /* DictationTest WatchKit Extension.appex in Embed App Extensions */ = {isa = PBXBuildFile; fileRef = C888A5621C0640330044E737 /* DictationTest WatchKit Extension.appex */; settings = {ATTRIBUTES = (RemoveHeadersOnCopy, ); }; };
		C888A56A1C0640330044E737 /* InterfaceController.swift in Sources */ = {isa = PBXBuildFile; fileRef = C888A5691C0640330044E737 /* InterfaceController.swift */; };
		C888A56C1C0640330044E737 /* ExtensionDelegate.swift in Sources */ = {isa = PBXBuildFile; fileRef = C888A56B1C0640330044E737 /* ExtensionDelegate.swift */; };
		C888A56E1C0640330044E737 /* NotificationController.swift in Sources */ = {isa = PBXBuildFile; fileRef = C888A56D1C0640330044E737 /* NotificationController.swift */; };
		C888A5701C0640330044E737 /* GlanceController.swift in Sources */ = {isa = PBXBuildFile; fileRef = C888A56F1C0640330044E737 /* GlanceController.swift */; };
		C888A5721C0640330044E737 /* ComplicationController.swift in Sources */ = {isa = PBXBuildFile; fileRef = C888A5711C0640330044E737 /* ComplicationController.swift */; };
		C888A5741C0640330044E737 /* Assets.xcassets in Resources */ = {isa = PBXBuildFile; fileRef = C888A5731C0640330044E737 /* Assets.xcassets */; };
		C8CA83B11C06681500735B23 /* ui-icons.ttf in Resources */ = {isa = PBXBuildFile; fileRef = C8CA83B01C06681500735B23 /* ui-icons.ttf */; };
		C8CA83B41C06686900735B23 /* ui-icons.ttf in Resources */ = {isa = PBXBuildFile; fileRef = C8CA83B31C06686900735B23 /* ui-icons.ttf */; };
/* End PBXBuildFile section */

/* Begin PBXContainerItemProxy section */
		C888A5401C0640330044E737 /* PBXContainerItemProxy */ = {
			isa = PBXContainerItemProxy;
			containerPortal = C888A5231C0640330044E737 /* Project object */;
			proxyType = 1;
			remoteGlobalIDString = C888A52A1C0640330044E737;
			remoteInfo = DictationTest;
		};
		C888A54B1C0640330044E737 /* PBXContainerItemProxy */ = {
			isa = PBXContainerItemProxy;
			containerPortal = C888A5231C0640330044E737 /* Project object */;
			proxyType = 1;
			remoteGlobalIDString = C888A52A1C0640330044E737;
			remoteInfo = DictationTest;
		};
		C888A5551C0640330044E737 /* PBXContainerItemProxy */ = {
			isa = PBXContainerItemProxy;
			containerPortal = C888A5231C0640330044E737 /* Project object */;
			proxyType = 1;
			remoteGlobalIDString = C888A5521C0640330044E737;
			remoteInfo = "DictationTest WatchKit App";
		};
		C888A5641C0640330044E737 /* PBXContainerItemProxy */ = {
			isa = PBXContainerItemProxy;
			containerPortal = C888A5231C0640330044E737 /* Project object */;
			proxyType = 1;
			remoteGlobalIDString = C888A5611C0640330044E737;
			remoteInfo = "DictationTest WatchKit Extension";
		};
/* End PBXContainerItemProxy section */

/* Begin PBXCopyFilesBuildPhase section */
		C888A57B1C0640330044E737 /* Embed App Extensions */ = {
			isa = PBXCopyFilesBuildPhase;
			buildActionMask = 2147483647;
			dstPath = "";
			dstSubfolderSpec = 13;
			files = (
				C888A5631C0640330044E737 /* DictationTest WatchKit Extension.appex in Embed App Extensions */,
			);
			name = "Embed App Extensions";
			runOnlyForDeploymentPostprocessing = 0;
		};
		C888A57F1C0640330044E737 /* Embed Watch Content */ = {
			isa = PBXCopyFilesBuildPhase;
			buildActionMask = 2147483647;
			dstPath = "$(CONTENTS_FOLDER_PATH)/Watch";
			dstSubfolderSpec = 16;
			files = (
				C888A5541C0640330044E737 /* DictationTest WatchKit App.app in Embed Watch Content */,
			);
			name = "Embed Watch Content";
			runOnlyForDeploymentPostprocessing = 0;
		};
/* End PBXCopyFilesBuildPhase section */

/* Begin PBXFileReference section */
		C829B1981C07A068006D2032 /* ListsTableViewController.swift */ = {isa = PBXFileReference; fileEncoding = 4; lastKnownFileType = sourcecode.swift; path = ListsTableViewController.swift; sourceTree = "<group>"; };
		C829B1A21C07A1F1006D2032 /* ListTableViewCell.swift */ = {isa = PBXFileReference; fileEncoding = 4; lastKnownFileType = sourcecode.swift; path = ListTableViewCell.swift; sourceTree = "<group>"; };
		C829B1A41C07A344006D2032 /* NoListsTableViewCell.xib */ = {isa = PBXFileReference; fileEncoding = 4; lastKnownFileType = file.xib; path = NoListsTableViewCell.xib; sourceTree = "<group>"; };
		C87D98FD1C08D79100B87E7B /* CoreData.framework */ = {isa = PBXFileReference; lastKnownFileType = wrapper.framework; name = CoreData.framework; path = System/Library/Frameworks/CoreData.framework; sourceTree = SDKROOT; };
		C87D99021C08D8AA00B87E7B /* Model.xcdatamodel */ = {isa = PBXFileReference; lastKnownFileType = wrapper.xcdatamodel; path = Model.xcdatamodel; sourceTree = "<group>"; };
		C87D99051C08E71A00B87E7B /* ListItemsViewController.swift */ = {isa = PBXFileReference; fileEncoding = 4; lastKnownFileType = sourcecode.swift; path = ListItemsViewController.swift; sourceTree = "<group>"; };
		C87D99091C08EA5E00B87E7B /* ListItemTableViewCell.swift */ = {isa = PBXFileReference; fileEncoding = 4; lastKnownFileType = sourcecode.swift; path = ListItemTableViewCell.swift; sourceTree = "<group>"; };
		C87D99531C09393700B87E7B /* ListModel+CoreDataProperties.swift */ = {isa = PBXFileReference; fileEncoding = 4; lastKnownFileType = sourcecode.swift; name = "ListModel+CoreDataProperties.swift"; path = "../ListModel+CoreDataProperties.swift"; sourceTree = "<group>"; };
		C87D99541C09393700B87E7B /* ListModel.swift */ = {isa = PBXFileReference; fileEncoding = 4; lastKnownFileType = sourcecode.swift; name = ListModel.swift; path = ../ListModel.swift; sourceTree = "<group>"; };
		C87D99551C09393700B87E7B /* ListItem+CoreDataProperties.swift */ = {isa = PBXFileReference; fileEncoding = 4; lastKnownFileType = sourcecode.swift; name = "ListItem+CoreDataProperties.swift"; path = "../ListItem+CoreDataProperties.swift"; sourceTree = "<group>"; };
		C87D99561C09393700B87E7B /* ListItem.swift */ = {isa = PBXFileReference; fileEncoding = 4; lastKnownFileType = sourcecode.swift; name = ListItem.swift; path = ../ListItem.swift; sourceTree = "<group>"; };
		C888A52B1C0640330044E737 /* DictationTest.app */ = {isa = PBXFileReference; explicitFileType = wrapper.application; includeInIndex = 0; path = DictationTest.app; sourceTree = BUILT_PRODUCTS_DIR; };
		C888A52E1C0640330044E737 /* AppDelegate.swift */ = {isa = PBXFileReference; lastKnownFileType = sourcecode.swift; path = AppDelegate.swift; sourceTree = "<group>"; };
		C888A5331C0640330044E737 /* Base */ = {isa = PBXFileReference; lastKnownFileType = file.storyboard; name = Base; path = Base.lproj/Main.storyboard; sourceTree = "<group>"; };
		C888A5351C0640330044E737 /* Assets.xcassets */ = {isa = PBXFileReference; lastKnownFileType = folder.assetcatalog; path = Assets.xcassets; sourceTree = "<group>"; };
		C888A5381C0640330044E737 /* Base */ = {isa = PBXFileReference; lastKnownFileType = file.storyboard; name = Base; path = Base.lproj/LaunchScreen.storyboard; sourceTree = "<group>"; };
		C888A53A1C0640330044E737 /* Info.plist */ = {isa = PBXFileReference; lastKnownFileType = text.plist.xml; path = Info.plist; sourceTree = "<group>"; };
		C888A53F1C0640330044E737 /* DictationTestTests.xctest */ = {isa = PBXFileReference; explicitFileType = wrapper.cfbundle; includeInIndex = 0; path = DictationTestTests.xctest; sourceTree = BUILT_PRODUCTS_DIR; };
		C888A5431C0640330044E737 /* DictationTestTests.swift */ = {isa = PBXFileReference; lastKnownFileType = sourcecode.swift; path = DictationTestTests.swift; sourceTree = "<group>"; };
		C888A5451C0640330044E737 /* Info.plist */ = {isa = PBXFileReference; lastKnownFileType = text.plist.xml; path = Info.plist; sourceTree = "<group>"; };
		C888A54A1C0640330044E737 /* DictationTestUITests.xctest */ = {isa = PBXFileReference; explicitFileType = wrapper.cfbundle; includeInIndex = 0; path = DictationTestUITests.xctest; sourceTree = BUILT_PRODUCTS_DIR; };
		C888A54E1C0640330044E737 /* DictationTestUITests.swift */ = {isa = PBXFileReference; lastKnownFileType = sourcecode.swift; path = DictationTestUITests.swift; sourceTree = "<group>"; };
		C888A5501C0640330044E737 /* Info.plist */ = {isa = PBXFileReference; lastKnownFileType = text.plist.xml; path = Info.plist; sourceTree = "<group>"; };
		C888A5531C0640330044E737 /* DictationTest WatchKit App.app */ = {isa = PBXFileReference; explicitFileType = wrapper.application; includeInIndex = 0; path = "DictationTest WatchKit App.app"; sourceTree = BUILT_PRODUCTS_DIR; };
		C888A5591C0640330044E737 /* Base */ = {isa = PBXFileReference; lastKnownFileType = file.storyboard; name = Base; path = Base.lproj/Interface.storyboard; sourceTree = "<group>"; };
		C888A55B1C0640330044E737 /* Assets.xcassets */ = {isa = PBXFileReference; lastKnownFileType = folder.assetcatalog; path = Assets.xcassets; sourceTree = "<group>"; };
		C888A55D1C0640330044E737 /* Info.plist */ = {isa = PBXFileReference; lastKnownFileType = text.plist.xml; path = Info.plist; sourceTree = "<group>"; };
		C888A5621C0640330044E737 /* DictationTest WatchKit Extension.appex */ = {isa = PBXFileReference; explicitFileType = "wrapper.app-extension"; includeInIndex = 0; path = "DictationTest WatchKit Extension.appex"; sourceTree = BUILT_PRODUCTS_DIR; };
		C888A5681C0640330044E737 /* PushNotificationPayload.apns */ = {isa = PBXFileReference; lastKnownFileType = text; path = PushNotificationPayload.apns; sourceTree = "<group>"; };
		C888A5691C0640330044E737 /* InterfaceController.swift */ = {isa = PBXFileReference; lastKnownFileType = sourcecode.swift; path = InterfaceController.swift; sourceTree = "<group>"; };
		C888A56B1C0640330044E737 /* ExtensionDelegate.swift */ = {isa = PBXFileReference; lastKnownFileType = sourcecode.swift; path = ExtensionDelegate.swift; sourceTree = "<group>"; };
		C888A56D1C0640330044E737 /* NotificationController.swift */ = {isa = PBXFileReference; lastKnownFileType = sourcecode.swift; path = NotificationController.swift; sourceTree = "<group>"; };
		C888A56F1C0640330044E737 /* GlanceController.swift */ = {isa = PBXFileReference; lastKnownFileType = sourcecode.swift; path = GlanceController.swift; sourceTree = "<group>"; };
		C888A5711C0640330044E737 /* ComplicationController.swift */ = {isa = PBXFileReference; lastKnownFileType = sourcecode.swift; path = ComplicationController.swift; sourceTree = "<group>"; };
		C888A5731C0640330044E737 /* Assets.xcassets */ = {isa = PBXFileReference; lastKnownFileType = folder.assetcatalog; path = Assets.xcassets; sourceTree = "<group>"; };
		C888A5751C0640330044E737 /* Info.plist */ = {isa = PBXFileReference; lastKnownFileType = text.plist.xml; path = Info.plist; sourceTree = "<group>"; };
		C8CA83B01C06681500735B23 /* ui-icons.ttf */ = {isa = PBXFileReference; lastKnownFileType = file; path = "ui-icons.ttf"; sourceTree = "<group>"; };
		C8CA83B31C06686900735B23 /* ui-icons.ttf */ = {isa = PBXFileReference; lastKnownFileType = file; path = "ui-icons.ttf"; sourceTree = "<group>"; };
/* End PBXFileReference section */

/* Begin PBXFrameworksBuildPhase section */
		C888A5281C0640330044E737 /* Frameworks */ = {
			isa = PBXFrameworksBuildPhase;
			buildActionMask = 2147483647;
			files = (
				C87D98FE1C08D79100B87E7B /* CoreData.framework in Frameworks */,
			);
			runOnlyForDeploymentPostprocessing = 0;
		};
		C888A53C1C0640330044E737 /* Frameworks */ = {
			isa = PBXFrameworksBuildPhase;
			buildActionMask = 2147483647;
			files = (
			);
			runOnlyForDeploymentPostprocessing = 0;
		};
		C888A5471C0640330044E737 /* Frameworks */ = {
			isa = PBXFrameworksBuildPhase;
			buildActionMask = 2147483647;
			files = (
			);
			runOnlyForDeploymentPostprocessing = 0;
		};
		C888A55F1C0640330044E737 /* Frameworks */ = {
			isa = PBXFrameworksBuildPhase;
			buildActionMask = 2147483647;
			files = (
			);
			runOnlyForDeploymentPostprocessing = 0;
		};
/* End PBXFrameworksBuildPhase section */

/* Begin PBXGroup section */
		C829B1961C07A02A006D2032 /* Lists */ = {
			isa = PBXGroup;
			children = (
				C829B1A11C07A1D4006D2032 /* View */,
				C829B19D1C07A0A8006D2032 /* Model */,
				C829B19A1C07A076006D2032 /* View Controllers */,
			);
			name = Lists;
			sourceTree = "<group>";
		};
		C829B1971C07A038006D2032 /* List Details */ = {
			isa = PBXGroup;
			children = (
				C87D99081C08EA3800B87E7B /* ViewControllers */,
				C87D99071C08EA2D00B87E7B /* View */,
				C829B19E1C07A0E8006D2032 /* Model */,
			);
			name = "List Details";
			sourceTree = "<group>";
		};
		C829B19A1C07A076006D2032 /* View Controllers */ = {
			isa = PBXGroup;
			children = (
				C829B1981C07A068006D2032 /* ListsTableViewController.swift */,
			);
			name = "View Controllers";
			sourceTree = "<group>";
		};
		C829B19D1C07A0A8006D2032 /* Model */ = {
			isa = PBXGroup;
			children = (
			);
			name = Model;
			sourceTree = "<group>";
		};
		C829B19E1C07A0E8006D2032 /* Model */ = {
			isa = PBXGroup;
			children = (
			);
			name = Model;
			sourceTree = "<group>";
		};
		C829B1A11C07A1D4006D2032 /* View */ = {
			isa = PBXGroup;
			children = (
				C829B1A21C07A1F1006D2032 /* ListTableViewCell.swift */,
				C829B1A41C07A344006D2032 /* NoListsTableViewCell.xib */,
			);
			name = View;
			sourceTree = "<group>";
		};
		C87D98FF1C08D88100B87E7B /* Resources */ = {
			isa = PBXGroup;
			children = (
				C87D99001C08D89700B87E7B /* Core Data */,
			);
			name = Resources;
			sourceTree = "<group>";
		};
		C87D99001C08D89700B87E7B /* Core Data */ = {
			isa = PBXGroup;
			children = (
				C87D99531C09393700B87E7B /* ListModel+CoreDataProperties.swift */,
				C87D99541C09393700B87E7B /* ListModel.swift */,
				C87D99551C09393700B87E7B /* ListItem+CoreDataProperties.swift */,
				C87D99561C09393700B87E7B /* ListItem.swift */,
				C87D99011C08D8AA00B87E7B /* Model.xcdatamodeld */,
			);
			name = "Core Data";
			sourceTree = "<group>";
		};
		C87D99071C08EA2D00B87E7B /* View */ = {
			isa = PBXGroup;
			children = (
				C87D99091C08EA5E00B87E7B /* ListItemTableViewCell.swift */,
			);
			name = View;
			sourceTree = "<group>";
		};
		C87D99081C08EA3800B87E7B /* ViewControllers */ = {
			isa = PBXGroup;
			children = (
				C87D99051C08E71A00B87E7B /* ListItemsViewController.swift */,
			);
			name = ViewControllers;
			sourceTree = "<group>";
		};
		C888A5221C0640330044E737 = {
			isa = PBXGroup;
			children = (
				C87D98FD1C08D79100B87E7B /* CoreData.framework */,
				C888A52D1C0640330044E737 /* DictationTest */,
				C888A5421C0640330044E737 /* DictationTestTests */,
				C888A54D1C0640330044E737 /* DictationTestUITests */,
				C888A5571C0640330044E737 /* DictationTest WatchKit App */,
				C888A5661C0640330044E737 /* DictationTest WatchKit Extension */,
				C888A52C1C0640330044E737 /* Products */,
			);
			sourceTree = "<group>";
		};
		C888A52C1C0640330044E737 /* Products */ = {
			isa = PBXGroup;
			children = (
				C888A52B1C0640330044E737 /* DictationTest.app */,
				C888A53F1C0640330044E737 /* DictationTestTests.xctest */,
				C888A54A1C0640330044E737 /* DictationTestUITests.xctest */,
				C888A5531C0640330044E737 /* DictationTest WatchKit App.app */,
				C888A5621C0640330044E737 /* DictationTest WatchKit Extension.appex */,
			);
			name = Products;
			sourceTree = "<group>";
		};
		C888A52D1C0640330044E737 /* DictationTest */ = {
			isa = PBXGroup;
			children = (
				C87D98FF1C08D88100B87E7B /* Resources */,
				C829B1971C07A038006D2032 /* List Details */,
				C829B1961C07A02A006D2032 /* Lists */,
				C888A52E1C0640330044E737 /* AppDelegate.swift */,
				C888A5321C0640330044E737 /* Main.storyboard */,
				C888A5351C0640330044E737 /* Assets.xcassets */,
				C888A5371C0640330044E737 /* LaunchScreen.storyboard */,
				C888A53A1C0640330044E737 /* Info.plist */,
			);
			path = DictationTest;
			sourceTree = "<group>";
		};
		C888A5421C0640330044E737 /* DictationTestTests */ = {
			isa = PBXGroup;
			children = (
				C888A5431C0640330044E737 /* DictationTestTests.swift */,
				C888A5451C0640330044E737 /* Info.plist */,
			);
			path = DictationTestTests;
			sourceTree = "<group>";
		};
		C888A54D1C0640330044E737 /* DictationTestUITests */ = {
			isa = PBXGroup;
			children = (
				C888A54E1C0640330044E737 /* DictationTestUITests.swift */,
				C888A5501C0640330044E737 /* Info.plist */,
			);
			path = DictationTestUITests;
			sourceTree = "<group>";
		};
		C888A5571C0640330044E737 /* DictationTest WatchKit App */ = {
			isa = PBXGroup;
			children = (
				C8CA83AF1C06680400735B23 /* Resources */,
				C888A5581C0640330044E737 /* Interface.storyboard */,
				C888A55B1C0640330044E737 /* Assets.xcassets */,
				C888A55D1C0640330044E737 /* Info.plist */,
			);
			path = "DictationTest WatchKit App";
			sourceTree = "<group>";
		};
		C888A5661C0640330044E737 /* DictationTest WatchKit Extension */ = {
			isa = PBXGroup;
			children = (
				C8CA83B21C06681E00735B23 /* Resources */,
				C888A5691C0640330044E737 /* InterfaceController.swift */,
				C888A56B1C0640330044E737 /* ExtensionDelegate.swift */,
				C888A56D1C0640330044E737 /* NotificationController.swift */,
				C888A56F1C0640330044E737 /* GlanceController.swift */,
				C888A5711C0640330044E737 /* ComplicationController.swift */,
				C888A5731C0640330044E737 /* Assets.xcassets */,
				C888A5751C0640330044E737 /* Info.plist */,
				C888A5671C0640330044E737 /* Supporting Files */,
			);
			path = "DictationTest WatchKit Extension";
			sourceTree = "<group>";
		};
		C888A5671C0640330044E737 /* Supporting Files */ = {
			isa = PBXGroup;
			children = (
				C888A5681C0640330044E737 /* PushNotificationPayload.apns */,
			);
			name = "Supporting Files";
			sourceTree = "<group>";
		};
		C8CA83AF1C06680400735B23 /* Resources */ = {
			isa = PBXGroup;
			children = (
				C8CA83B01C06681500735B23 /* ui-icons.ttf */,
			);
			name = Resources;
			sourceTree = "<group>";
		};
		C8CA83B21C06681E00735B23 /* Resources */ = {
			isa = PBXGroup;
			children = (
				C8CA83B31C06686900735B23 /* ui-icons.ttf */,
			);
			name = Resources;
			sourceTree = "<group>";
		};
/* End PBXGroup section */

/* Begin PBXNativeTarget section */
		C888A52A1C0640330044E737 /* DictationTest */ = {
			isa = PBXNativeTarget;
			buildConfigurationList = C888A5801C0640330044E737 /* Build configuration list for PBXNativeTarget "DictationTest" */;
			buildPhases = (
				C888A5271C0640330044E737 /* Sources */,
				C888A5281C0640330044E737 /* Frameworks */,
				C888A5291C0640330044E737 /* Resources */,
				C888A57F1C0640330044E737 /* Embed Watch Content */,
			);
			buildRules = (
			);
			dependencies = (
				C888A5561C0640330044E737 /* PBXTargetDependency */,
			);
			name = DictationTest;
			productName = DictationTest;
			productReference = C888A52B1C0640330044E737 /* DictationTest.app */;
			productType = "com.apple.product-type.application";
		};
		C888A53E1C0640330044E737 /* DictationTestTests */ = {
			isa = PBXNativeTarget;
			buildConfigurationList = C888A5831C0640330044E737 /* Build configuration list for PBXNativeTarget "DictationTestTests" */;
			buildPhases = (
				C888A53B1C0640330044E737 /* Sources */,
				C888A53C1C0640330044E737 /* Frameworks */,
				C888A53D1C0640330044E737 /* Resources */,
			);
			buildRules = (
			);
			dependencies = (
				C888A5411C0640330044E737 /* PBXTargetDependency */,
			);
			name = DictationTestTests;
			productName = DictationTestTests;
			productReference = C888A53F1C0640330044E737 /* DictationTestTests.xctest */;
			productType = "com.apple.product-type.bundle.unit-test";
		};
		C888A5491C0640330044E737 /* DictationTestUITests */ = {
			isa = PBXNativeTarget;
			buildConfigurationList = C888A5861C0640330044E737 /* Build configuration list for PBXNativeTarget "DictationTestUITests" */;
			buildPhases = (
				C888A5461C0640330044E737 /* Sources */,
				C888A5471C0640330044E737 /* Frameworks */,
				C888A5481C0640330044E737 /* Resources */,
			);
			buildRules = (
			);
			dependencies = (
				C888A54C1C0640330044E737 /* PBXTargetDependency */,
			);
			name = DictationTestUITests;
			productName = DictationTestUITests;
			productReference = C888A54A1C0640330044E737 /* DictationTestUITests.xctest */;
			productType = "com.apple.product-type.bundle.ui-testing";
		};
		C888A5521C0640330044E737 /* DictationTest WatchKit App */ = {
			isa = PBXNativeTarget;
			buildConfigurationList = C888A57C1C0640330044E737 /* Build configuration list for PBXNativeTarget "DictationTest WatchKit App" */;
			buildPhases = (
				C888A5511C0640330044E737 /* Resources */,
				C888A57B1C0640330044E737 /* Embed App Extensions */,
			);
			buildRules = (
			);
			dependencies = (
				C888A5651C0640330044E737 /* PBXTargetDependency */,
			);
			name = "DictationTest WatchKit App";
			productName = "DictationTest WatchKit App";
			productReference = C888A5531C0640330044E737 /* DictationTest WatchKit App.app */;
			productType = "com.apple.product-type.application.watchapp2";
		};
		C888A5611C0640330044E737 /* DictationTest WatchKit Extension */ = {
			isa = PBXNativeTarget;
			buildConfigurationList = C888A5781C0640330044E737 /* Build configuration list for PBXNativeTarget "DictationTest WatchKit Extension" */;
			buildPhases = (
				C888A55E1C0640330044E737 /* Sources */,
				C888A55F1C0640330044E737 /* Frameworks */,
				C888A5601C0640330044E737 /* Resources */,
			);
			buildRules = (
			);
			dependencies = (
			);
			name = "DictationTest WatchKit Extension";
			productName = "DictationTest WatchKit Extension";
			productReference = C888A5621C0640330044E737 /* DictationTest WatchKit Extension.appex */;
			productType = "com.apple.product-type.watchkit2-extension";
		};
/* End PBXNativeTarget section */

/* Begin PBXProject section */
		C888A5231C0640330044E737 /* Project object */ = {
			isa = PBXProject;
			attributes = {
				LastUpgradeCheck = 0700;
				ORGANIZATIONNAME = "Small, Jeff";
				TargetAttributes = {
					C888A52A1C0640330044E737 = {
						CreatedOnToolsVersion = 7.0.1;
						DevelopmentTeam = FU25434T4R;
					};
					C888A53E1C0640330044E737 = {
						CreatedOnToolsVersion = 7.0.1;
						TestTargetID = C888A52A1C0640330044E737;
					};
					C888A5491C0640330044E737 = {
						CreatedOnToolsVersion = 7.0.1;
						TestTargetID = C888A52A1C0640330044E737;
					};
					C888A5521C0640330044E737 = {
						CreatedOnToolsVersion = 7.0.1;
						DevelopmentTeam = FU25434T4R;
					};
					C888A5611C0640330044E737 = {
						CreatedOnToolsVersion = 7.0.1;
						DevelopmentTeam = FU25434T4R;
					};
				};
			};
			buildConfigurationList = C888A5261C0640330044E737 /* Build configuration list for PBXProject "DictationTest" */;
			compatibilityVersion = "Xcode 3.2";
			developmentRegion = English;
			hasScannedForEncodings = 0;
			knownRegions = (
				en,
				Base,
			);
			mainGroup = C888A5221C0640330044E737;
			productRefGroup = C888A52C1C0640330044E737 /* Products */;
			projectDirPath = "";
			projectRoot = "";
			targets = (
				C888A52A1C0640330044E737 /* DictationTest */,
				C888A53E1C0640330044E737 /* DictationTestTests */,
				C888A5491C0640330044E737 /* DictationTestUITests */,
				C888A5521C0640330044E737 /* DictationTest WatchKit App */,
				C888A5611C0640330044E737 /* DictationTest WatchKit Extension */,
			);
		};
/* End PBXProject section */

/* Begin PBXResourcesBuildPhase section */
		C888A5291C0640330044E737 /* Resources */ = {
			isa = PBXResourcesBuildPhase;
			buildActionMask = 2147483647;
			files = (
				C829B1A51C07A344006D2032 /* NoListsTableViewCell.xib in Resources */,
				C888A5391C0640330044E737 /* LaunchScreen.storyboard in Resources */,
				C888A5361C0640330044E737 /* Assets.xcassets in Resources */,
				C888A5341C0640330044E737 /* Main.storyboard in Resources */,
			);
			runOnlyForDeploymentPostprocessing = 0;
		};
		C888A53D1C0640330044E737 /* Resources */ = {
			isa = PBXResourcesBuildPhase;
			buildActionMask = 2147483647;
			files = (
			);
			runOnlyForDeploymentPostprocessing = 0;
		};
		C888A5481C0640330044E737 /* Resources */ = {
			isa = PBXResourcesBuildPhase;
			buildActionMask = 2147483647;
			files = (
			);
			runOnlyForDeploymentPostprocessing = 0;
		};
		C888A5511C0640330044E737 /* Resources */ = {
			isa = PBXResourcesBuildPhase;
			buildActionMask = 2147483647;
			files = (
				C8CA83B11C06681500735B23 /* ui-icons.ttf in Resources */,
				C888A55C1C0640330044E737 /* Assets.xcassets in Resources */,
				C888A55A1C0640330044E737 /* Interface.storyboard in Resources */,
			);
			runOnlyForDeploymentPostprocessing = 0;
		};
		C888A5601C0640330044E737 /* Resources */ = {
			isa = PBXResourcesBuildPhase;
			buildActionMask = 2147483647;
			files = (
				C888A5741C0640330044E737 /* Assets.xcassets in Resources */,
				C8CA83B41C06686900735B23 /* ui-icons.ttf in Resources */,
			);
			runOnlyForDeploymentPostprocessing = 0;
		};
/* End PBXResourcesBuildPhase section */

/* Begin PBXSourcesBuildPhase section */
		C888A5271C0640330044E737 /* Sources */ = {
			isa = PBXSourcesBuildPhase;
			buildActionMask = 2147483647;
			files = (
				C87D995A1C09393700B87E7B /* ListItem.swift in Sources */,
				C87D99571C09393700B87E7B /* ListModel+CoreDataProperties.swift in Sources */,
				C829B1991C07A068006D2032 /* ListsTableViewController.swift in Sources */,
				C888A52F1C0640330044E737 /* AppDelegate.swift in Sources */,
				C87D99591C09393700B87E7B /* ListItem+CoreDataProperties.swift in Sources */,
				C87D990A1C08EA5E00B87E7B /* ListItemTableViewCell.swift in Sources */,
				C87D99061C08E71A00B87E7B /* ListItemsViewController.swift in Sources */,
				C829B1A31C07A1F1006D2032 /* ListTableViewCell.swift in Sources */,
				C87D99031C08D8AA00B87E7B /* Model.xcdatamodeld in Sources */,
				C87D99581C09393700B87E7B /* ListModel.swift in Sources */,
			);
			runOnlyForDeploymentPostprocessing = 0;
		};
		C888A53B1C0640330044E737 /* Sources */ = {
			isa = PBXSourcesBuildPhase;
			buildActionMask = 2147483647;
			files = (
				C888A5441C0640330044E737 /* DictationTestTests.swift in Sources */,
			);
			runOnlyForDeploymentPostprocessing = 0;
		};
		C888A5461C0640330044E737 /* Sources */ = {
			isa = PBXSourcesBuildPhase;
			buildActionMask = 2147483647;
			files = (
				C888A54F1C0640330044E737 /* DictationTestUITests.swift in Sources */,
			);
			runOnlyForDeploymentPostprocessing = 0;
		};
		C888A55E1C0640330044E737 /* Sources */ = {
			isa = PBXSourcesBuildPhase;
			buildActionMask = 2147483647;
			files = (
				C888A56E1C0640330044E737 /* NotificationController.swift in Sources */,
				C888A56C1C0640330044E737 /* ExtensionDelegate.swift in Sources */,
				C888A5721C0640330044E737 /* ComplicationController.swift in Sources */,
				C888A56A1C0640330044E737 /* InterfaceController.swift in Sources */,
				C888A5701C0640330044E737 /* GlanceController.swift in Sources */,
				C87D99041C08D8E900B87E7B /* Model.xcdatamodeld in Sources */,
			);
			runOnlyForDeploymentPostprocessing = 0;
		};
/* End PBXSourcesBuildPhase section */

/* Begin PBXTargetDependency section */
		C888A5411C0640330044E737 /* PBXTargetDependency */ = {
			isa = PBXTargetDependency;
			target = C888A52A1C0640330044E737 /* DictationTest */;
			targetProxy = C888A5401C0640330044E737 /* PBXContainerItemProxy */;
		};
		C888A54C1C0640330044E737 /* PBXTargetDependency */ = {
			isa = PBXTargetDependency;
			target = C888A52A1C0640330044E737 /* DictationTest */;
			targetProxy = C888A54B1C0640330044E737 /* PBXContainerItemProxy */;
		};
		C888A5561C0640330044E737 /* PBXTargetDependency */ = {
			isa = PBXTargetDependency;
			target = C888A5521C0640330044E737 /* DictationTest WatchKit App */;
			targetProxy = C888A5551C0640330044E737 /* PBXContainerItemProxy */;
		};
		C888A5651C0640330044E737 /* PBXTargetDependency */ = {
			isa = PBXTargetDependency;
			target = C888A5611C0640330044E737 /* DictationTest WatchKit Extension */;
			targetProxy = C888A5641C0640330044E737 /* PBXContainerItemProxy */;
		};
/* End PBXTargetDependency section */

/* Begin PBXVariantGroup section */
		C888A5321C0640330044E737 /* Main.storyboard */ = {
			isa = PBXVariantGroup;
			children = (
				C888A5331C0640330044E737 /* Base */,
			);
			name = Main.storyboard;
			sourceTree = "<group>";
		};
		C888A5371C0640330044E737 /* LaunchScreen.storyboard */ = {
			isa = PBXVariantGroup;
			children = (
				C888A5381C0640330044E737 /* Base */,
			);
			name = LaunchScreen.storyboard;
			sourceTree = "<group>";
		};
		C888A5581C0640330044E737 /* Interface.storyboard */ = {
			isa = PBXVariantGroup;
			children = (
				C888A5591C0640330044E737 /* Base */,
			);
			name = Interface.storyboard;
			sourceTree = "<group>";
		};
/* End PBXVariantGroup section */

/* Begin XCBuildConfiguration section */
		C888A5761C0640330044E737 /* Debug */ = {
			isa = XCBuildConfiguration;
			buildSettings = {
				ALWAYS_SEARCH_USER_PATHS = NO;
				CLANG_CXX_LANGUAGE_STANDARD = "gnu++0x";
				CLANG_CXX_LIBRARY = "libc++";
				CLANG_ENABLE_MODULES = YES;
				CLANG_ENABLE_OBJC_ARC = YES;
				CLANG_WARN_BOOL_CONVERSION = YES;
				CLANG_WARN_CONSTANT_CONVERSION = YES;
				CLANG_WARN_DIRECT_OBJC_ISA_USAGE = YES_ERROR;
				CLANG_WARN_EMPTY_BODY = YES;
				CLANG_WARN_ENUM_CONVERSION = YES;
				CLANG_WARN_INT_CONVERSION = YES;
				CLANG_WARN_OBJC_ROOT_CLASS = YES_ERROR;
				CLANG_WARN_UNREACHABLE_CODE = YES;
				CLANG_WARN__DUPLICATE_METHOD_MATCH = YES;
				"CODE_SIGN_IDENTITY[sdk=iphoneos*]" = "iPhone Developer";
				COPY_PHASE_STRIP = NO;
				DEBUG_INFORMATION_FORMAT = dwarf;
				ENABLE_STRICT_OBJC_MSGSEND = YES;
				ENABLE_TESTABILITY = YES;
				GCC_C_LANGUAGE_STANDARD = gnu99;
				GCC_DYNAMIC_NO_PIC = NO;
				GCC_NO_COMMON_BLOCKS = YES;
				GCC_OPTIMIZATION_LEVEL = 0;
				GCC_PREPROCESSOR_DEFINITIONS = (
					"DEBUG=1",
					"$(inherited)",
				);
				GCC_WARN_64_TO_32_BIT_CONVERSION = YES;
				GCC_WARN_ABOUT_RETURN_TYPE = YES_ERROR;
				GCC_WARN_UNDECLARED_SELECTOR = YES;
				GCC_WARN_UNINITIALIZED_AUTOS = YES_AGGRESSIVE;
				GCC_WARN_UNUSED_FUNCTION = YES;
				GCC_WARN_UNUSED_VARIABLE = YES;
				IPHONEOS_DEPLOYMENT_TARGET = 9.0;
				MTL_ENABLE_DEBUG_INFO = YES;
				ONLY_ACTIVE_ARCH = YES;
				SDKROOT = iphoneos;
				SWIFT_OPTIMIZATION_LEVEL = "-Onone";
			};
			name = Debug;
		};
		C888A5771C0640330044E737 /* Release */ = {
			isa = XCBuildConfiguration;
			buildSettings = {
				ALWAYS_SEARCH_USER_PATHS = NO;
				CLANG_CXX_LANGUAGE_STANDARD = "gnu++0x";
				CLANG_CXX_LIBRARY = "libc++";
				CLANG_ENABLE_MODULES = YES;
				CLANG_ENABLE_OBJC_ARC = YES;
				CLANG_WARN_BOOL_CONVERSION = YES;
				CLANG_WARN_CONSTANT_CONVERSION = YES;
				CLANG_WARN_DIRECT_OBJC_ISA_USAGE = YES_ERROR;
				CLANG_WARN_EMPTY_BODY = YES;
				CLANG_WARN_ENUM_CONVERSION = YES;
				CLANG_WARN_INT_CONVERSION = YES;
				CLANG_WARN_OBJC_ROOT_CLASS = YES_ERROR;
				CLANG_WARN_UNREACHABLE_CODE = YES;
				CLANG_WARN__DUPLICATE_METHOD_MATCH = YES;
				"CODE_SIGN_IDENTITY[sdk=iphoneos*]" = "iPhone Developer";
				COPY_PHASE_STRIP = NO;
				DEBUG_INFORMATION_FORMAT = "dwarf-with-dsym";
				ENABLE_NS_ASSERTIONS = NO;
				ENABLE_STRICT_OBJC_MSGSEND = YES;
				GCC_C_LANGUAGE_STANDARD = gnu99;
				GCC_NO_COMMON_BLOCKS = YES;
				GCC_WARN_64_TO_32_BIT_CONVERSION = YES;
				GCC_WARN_ABOUT_RETURN_TYPE = YES_ERROR;
				GCC_WARN_UNDECLARED_SELECTOR = YES;
				GCC_WARN_UNINITIALIZED_AUTOS = YES_AGGRESSIVE;
				GCC_WARN_UNUSED_FUNCTION = YES;
				GCC_WARN_UNUSED_VARIABLE = YES;
				IPHONEOS_DEPLOYMENT_TARGET = 9.0;
				MTL_ENABLE_DEBUG_INFO = NO;
				SDKROOT = iphoneos;
				VALIDATE_PRODUCT = YES;
			};
			name = Release;
		};
		C888A5791C0640330044E737 /* Debug */ = {
			isa = XCBuildConfiguration;
			buildSettings = {
				ASSETCATALOG_COMPILER_COMPLICATION_NAME = Complication;
				CODE_SIGN_IDENTITY = "iPhone Developer";
				"CODE_SIGN_IDENTITY[sdk=watchos*]" = "iPhone Developer";
				INFOPLIST_FILE = "DictationTest WatchKit Extension/Info.plist";
				LD_RUNPATH_SEARCH_PATHS = "$(inherited) @executable_path/Frameworks @executable_path/../../Frameworks";
				PRODUCT_BUNDLE_IDENTIFIER = com.jeff.small.DictationTest.watchkitapp.watchkitextension;
				PRODUCT_NAME = "${TARGET_NAME}";
				PROVISIONING_PROFILE = "";
				SDKROOT = watchos;
				SKIP_INSTALL = YES;
				TARGETED_DEVICE_FAMILY = 4;
				WATCHOS_DEPLOYMENT_TARGET = 2.0;
			};
			name = Debug;
		};
		C888A57A1C0640330044E737 /* Release */ = {
			isa = XCBuildConfiguration;
			buildSettings = {
				ASSETCATALOG_COMPILER_COMPLICATION_NAME = Complication;
				CODE_SIGN_IDENTITY = "iPhone Developer";
				"CODE_SIGN_IDENTITY[sdk=watchos*]" = "iPhone Developer";
				INFOPLIST_FILE = "DictationTest WatchKit Extension/Info.plist";
				LD_RUNPATH_SEARCH_PATHS = "$(inherited) @executable_path/Frameworks @executable_path/../../Frameworks";
				PRODUCT_BUNDLE_IDENTIFIER = com.jeff.small.DictationTest.watchkitapp.watchkitextension;
				PRODUCT_NAME = "${TARGET_NAME}";
				PROVISIONING_PROFILE = "";
				SDKROOT = watchos;
				SKIP_INSTALL = YES;
				TARGETED_DEVICE_FAMILY = 4;
				WATCHOS_DEPLOYMENT_TARGET = 2.0;
			};
			name = Release;
		};
		C888A57D1C0640330044E737 /* Debug */ = {
			isa = XCBuildConfiguration;
			buildSettings = {
				ASSETCATALOG_COMPILER_APPICON_NAME = AppIcon;
				CODE_SIGN_IDENTITY = "iPhone Developer";
				EMBEDDED_CONTENT_CONTAINS_SWIFT = YES;
				IBSC_MODULE = DictationTest_WatchKit_Extension;
				INFOPLIST_FILE = "DictationTest WatchKit App/Info.plist";
				PRODUCT_BUNDLE_IDENTIFIER = com.jeff.small.DictationTest.watchkitapp;
				PRODUCT_NAME = "$(TARGET_NAME)";
				SDKROOT = watchos;
				SKIP_INSTALL = YES;
				TARGETED_DEVICE_FAMILY = 4;
				WATCHOS_DEPLOYMENT_TARGET = 2.0;
			};
			name = Debug;
		};
		C888A57E1C0640330044E737 /* Release */ = {
			isa = XCBuildConfiguration;
			buildSettings = {
				ASSETCATALOG_COMPILER_APPICON_NAME = AppIcon;
				CODE_SIGN_IDENTITY = "iPhone Developer";
				EMBEDDED_CONTENT_CONTAINS_SWIFT = YES;
				IBSC_MODULE = DictationTest_WatchKit_Extension;
				INFOPLIST_FILE = "DictationTest WatchKit App/Info.plist";
				PRODUCT_BUNDLE_IDENTIFIER = com.jeff.small.DictationTest.watchkitapp;
				PRODUCT_NAME = "$(TARGET_NAME)";
				SDKROOT = watchos;
				SKIP_INSTALL = YES;
				TARGETED_DEVICE_FAMILY = 4;
				WATCHOS_DEPLOYMENT_TARGET = 2.0;
			};
			name = Release;
		};
		C888A5811C0640330044E737 /* Debug */ = {
			isa = XCBuildConfiguration;
			buildSettings = {
				ASSETCATALOG_COMPILER_APPICON_NAME = AppIcon;
				CODE_SIGN_IDENTITY = "iPhone Developer";
				"CODE_SIGN_IDENTITY[sdk=iphoneos*]" = "iPhone Developer";
				INFOPLIST_FILE = DictationTest/Info.plist;
				LD_RUNPATH_SEARCH_PATHS = "$(inherited) @executable_path/Frameworks";
				PRODUCT_BUNDLE_IDENTIFIER = com.jeff.small.DictationTest;
				PRODUCT_NAME = "$(TARGET_NAME)";
				PROVISIONING_PROFILE = "b5de1b99-279e-4ea3-abdb-49ca1a9a918e";
			};
			name = Debug;
		};
		C888A5821C0640330044E737 /* Release */ = {
			isa = XCBuildConfiguration;
			buildSettings = {
				ASSETCATALOG_COMPILER_APPICON_NAME = AppIcon;
				CODE_SIGN_IDENTITY = "iPhone Developer";
				"CODE_SIGN_IDENTITY[sdk=iphoneos*]" = "iPhone Developer";
				INFOPLIST_FILE = DictationTest/Info.plist;
				LD_RUNPATH_SEARCH_PATHS = "$(inherited) @executable_path/Frameworks";
				PRODUCT_BUNDLE_IDENTIFIER = com.jeff.small.DictationTest;
				PRODUCT_NAME = "$(TARGET_NAME)";
				PROVISIONING_PROFILE = "b5de1b99-279e-4ea3-abdb-49ca1a9a918e";
			};
			name = Release;
		};
		C888A5841C0640330044E737 /* Debug */ = {
			isa = XCBuildConfiguration;
			buildSettings = {
				BUNDLE_LOADER = "$(TEST_HOST)";
				INFOPLIST_FILE = DictationTestTests/Info.plist;
				LD_RUNPATH_SEARCH_PATHS = "$(inherited) @executable_path/Frameworks @loader_path/Frameworks";
				PRODUCT_BUNDLE_IDENTIFIER = com.jeff.small.DictationTestTests;
				PRODUCT_NAME = "$(TARGET_NAME)";
				TEST_HOST = "$(BUILT_PRODUCTS_DIR)/DictationTest.app/DictationTest";
			};
			name = Debug;
		};
		C888A5851C0640330044E737 /* Release */ = {
			isa = XCBuildConfiguration;
			buildSettings = {
				BUNDLE_LOADER = "$(TEST_HOST)";
				INFOPLIST_FILE = DictationTestTests/Info.plist;
				LD_RUNPATH_SEARCH_PATHS = "$(inherited) @executable_path/Frameworks @loader_path/Frameworks";
				PRODUCT_BUNDLE_IDENTIFIER = com.jeff.small.DictationTestTests;
				PRODUCT_NAME = "$(TARGET_NAME)";
				TEST_HOST = "$(BUILT_PRODUCTS_DIR)/DictationTest.app/DictationTest";
			};
			name = Release;
		};
		C888A5871C0640330044E737 /* Debug */ = {
			isa = XCBuildConfiguration;
			buildSettings = {
				INFOPLIST_FILE = DictationTestUITests/Info.plist;
				LD_RUNPATH_SEARCH_PATHS = "$(inherited) @executable_path/Frameworks @loader_path/Frameworks";
				PRODUCT_BUNDLE_IDENTIFIER = com.jeff.small.DictationTestUITests;
				PRODUCT_NAME = "$(TARGET_NAME)";
				TEST_TARGET_NAME = DictationTest;
				USES_XCTRUNNER = YES;
			};
			name = Debug;
		};
		C888A5881C0640330044E737 /* Release */ = {
			isa = XCBuildConfiguration;
			buildSettings = {
				INFOPLIST_FILE = DictationTestUITests/Info.plist;
				LD_RUNPATH_SEARCH_PATHS = "$(inherited) @executable_path/Frameworks @loader_path/Frameworks";
				PRODUCT_BUNDLE_IDENTIFIER = com.jeff.small.DictationTestUITests;
				PRODUCT_NAME = "$(TARGET_NAME)";
				TEST_TARGET_NAME = DictationTest;
				USES_XCTRUNNER = YES;
			};
			name = Release;
		};
/* End XCBuildConfiguration section */

/* Begin XCConfigurationList section */
		C888A5261C0640330044E737 /* Build configuration list for PBXProject "DictationTest" */ = {
			isa = XCConfigurationList;
			buildConfigurations = (
				C888A5761C0640330044E737 /* Debug */,
				C888A5771C0640330044E737 /* Release */,
			);
			defaultConfigurationIsVisible = 0;
			defaultConfigurationName = Release;
		};
		C888A5781C0640330044E737 /* Build configuration list for PBXNativeTarget "DictationTest WatchKit Extension" */ = {
			isa = XCConfigurationList;
			buildConfigurations = (
				C888A5791C0640330044E737 /* Debug */,
				C888A57A1C0640330044E737 /* Release */,
			);
			defaultConfigurationIsVisible = 0;
			defaultConfigurationName = Release;
		};
		C888A57C1C0640330044E737 /* Build configuration list for PBXNativeTarget "DictationTest WatchKit App" */ = {
			isa = XCConfigurationList;
			buildConfigurations = (
				C888A57D1C0640330044E737 /* Debug */,
				C888A57E1C0640330044E737 /* Release */,
			);
			defaultConfigurationIsVisible = 0;
			defaultConfigurationName = Release;
		};
		C888A5801C0640330044E737 /* Build configuration list for PBXNativeTarget "DictationTest" */ = {
			isa = XCConfigurationList;
			buildConfigurations = (
				C888A5811C0640330044E737 /* Debug */,
				C888A5821C0640330044E737 /* Release */,
			);
			defaultConfigurationIsVisible = 0;
			defaultConfigurationName = Release;
		};
		C888A5831C0640330044E737 /* Build configuration list for PBXNativeTarget "DictationTestTests" */ = {
			isa = XCConfigurationList;
			buildConfigurations = (
				C888A5841C0640330044E737 /* Debug */,
				C888A5851C0640330044E737 /* Release */,
			);
			defaultConfigurationIsVisible = 0;
			defaultConfigurationName = Release;
		};
		C888A5861C0640330044E737 /* Build configuration list for PBXNativeTarget "DictationTestUITests" */ = {
			isa = XCConfigurationList;
			buildConfigurations = (
				C888A5871C0640330044E737 /* Debug */,
				C888A5881C0640330044E737 /* Release */,
			);
			defaultConfigurationIsVisible = 0;
			defaultConfigurationName = Release;
		};
/* End XCConfigurationList section */

/* Begin XCVersionGroup section */
		C87D99011C08D8AA00B87E7B /* Model.xcdatamodeld */ = {
			isa = XCVersionGroup;
			children = (
				C87D99021C08D8AA00B87E7B /* Model.xcdatamodel */,
			);
			currentVersion = C87D99021C08D8AA00B87E7B /* Model.xcdatamodel */;
			path = Model.xcdatamodeld;
			sourceTree = "<group>";
			versionGroupType = wrapper.xcdatamodel;
		};
/* End XCVersionGroup section */
	};
	rootObject = C888A5231C0640330044E737 /* Project object */;
}
